# This file is automatically @generated by Cargo.
# It is not intended for manual editing.
version = 4

[[package]]
name = "argh"
version = "0.1.14"
source = "registry+https://github.com/rust-lang/crates.io-index"
checksum = "7f384d96bfd3c0b3c41f24dae69ee9602c091d64fc432225cf5295b5abbe0036"
dependencies = [
 "argh_derive",
 "argh_shared",
]

[[package]]
name = "argh_derive"
version = "0.1.14"
source = "registry+https://github.com/rust-lang/crates.io-index"
checksum = "938e5f66269c1f168035e29ed3fb437b084e476465e9314a0328f4005d7be599"
dependencies = [
 "argh_shared",
 "proc-macro2",
 "quote",
 "syn",
]

[[package]]
name = "argh_shared"
version = "0.1.14"
source = "registry+https://github.com/rust-lang/crates.io-index"
checksum = "5127f8a5bc1cfb0faf1f6248491452b8a5b6901068d8da2d47cbb285986ae683"

[[package]]
name = "proc-macro2"
version = "1.0.106"
source = "registry+https://github.com/rust-lang/crates.io-index"
checksum = "8fd00f0bb2e90d81d1044c2b32617f68fcb9fa3bb7640c23e9c748e53fb30934"
dependencies = [
 "unicode-ident",
]

[[package]]
name = "quote"
version = "1.0.44"
source = "registry+https://github.com/rust-lang/crates.io-index"
checksum = "21b2ebcf727b7760c461f091f9f0f539b77b8e87f2fd88131e7f1b433b3cece4"
dependencies = [
 "proc-macro2",
]

[[package]]
name = "rapidhash"
version = "4.4.1"
source = "registry+https://github.com/rust-lang/crates.io-index"
checksum = "b5e48930979c155e2f33aa36ab3119b5ee81332beb6482199a8ecd6029b80b59"
dependencies = [
 "rustversion",
]

[[package]]
name = "rustversion"
version = "1.0.22"
source = "registry+https://github.com/rust-lang/crates.io-index"
checksum = "b39cdef0fa800fc44525c84ccb54a029961a8215f9619753635a9c0d2538d46d"

[[package]]
name = "slct"
version = "0.3.0"
dependencies = [
 "argh",
 "rapidhash",
]

[[package]]
name = "syn"
version = "2.0.117"
source = "registry+https://github.com/rust-lang/crates.io-index"
checksum = "e665b8803e7b1d2a727f4023456bbbbe74da67099c585258af0ad9c5013b9b99"
dependencies = [
 "proc-macro2",
 "quote",
 "unicode-ident",
]

[[package]]
name = "unicode-ident"
version = "1.0.24"
source = "registry+https://github.com/rust-lang/crates.io-index"
checksum = "e6e4313cd5fcd3dad5cafa179702e2b244f760991f45397d14d4ebf38247da75"
